
Microsoft Visual Studio Solution File, Format Version 12.00
# Visual Studio Version 17
VisualStudioVersion = 17.9.34723.18
MinimumVisualStudioVersion = 10.0.40219.1
Project("{FAE04EC0-301F-11D3-BF4B-00C04F79EFBC}") = "PetShelter_Boriss", "PetShelter_Boriss\PetShelter_Boriss.csproj", "{DABB4A33-6578-4852-AF0B-4621FDED9E8E}"
EndProject
Project("{FAE04EC0-301F-11D3-BF4B-00C04F79EFBC}") = "PetShelter.Shared", "ClassLibrary1\PetShelter.Shared.csproj", "{6BA69548-1420-49E9-BB19-01EDEB3AD6B6}"
EndProject
Project("{FAE04EC0-301F-11D3-BF4B-00C04F79EFBC}") = "PetShelter.Data", "PetShelter.Data\PetShelter.Data.csproj", "{BFFA5B59-0BC4-4237-806F-98F155AEEA83}"
EndProject
Global
	GlobalSection(SolutionConfigurationPlatforms) = preSolution
		Debug|Any CPU = Debug|Any CPU
		Release|Any CPU = Release|Any CPU
	EndGlobalSection
	GlobalSection(ProjectConfigurationPlatforms) = postSolution
		{DABB4A33-6578-4852-AF0B-4621FDED9E8E}.Debug|Any CPU.ActiveCfg = Debug|Any CPU
		{DABB4A33-6578-4852-AF0B-4621FDED9E8E}.Debug|Any CPU.Build.0 = Debug|Any CPU
		{DABB4A33-6578-4852-AF0B-4621FDED9E8E}.Release|Any CPU.ActiveCfg = Release|Any CPU
		{DABB4A33-6578-4852-AF0B-4621FDED9E8E}.Release|Any CPU.Build.0 = Release|Any CPU
		{6BA69548-1420-49E9-BB19-01EDEB3AD6B6}.Debug|Any CPU.ActiveCfg = Debug|Any CPU
		{6BA69548-1420-49E9-BB19-01EDEB3AD6B6}.Debug|Any CPU.Build.0 = Debug|Any CPU
		{6BA69548-1420-49E9-BB19-01EDEB3AD6B6}.Release|Any CPU.ActiveCfg = Release|Any CPU
		{6BA69548-1420-49E9-BB19-01EDEB3AD6B6}.Release|Any CPU.Build.0 = Release|Any CPU
		{BFFA5B59-0BC4-4237-806F-98F155AEEA83}.Debug|Any CPU.ActiveCfg = Debug|Any CPU
		{BFFA5B59-0BC4-4237-806F-98F155AEEA83}.Debug|Any CPU.Build.0 = Debug|Any CPU
		{BFFA5B59-0BC4-4237-806F-98F155AEEA83}.Release|Any CPU.ActiveCfg = Release|Any CPU
		{BFFA5B59-0BC4-4237-806F-98F155AEEA83}.Release|Any CPU.Build.0 = Release|Any CPU
	EndGlobalSection
	GlobalSection(SolutionProperties) = preSolution
		HideSolutionNode = FALSE
	EndGlobalSection
	GlobalSection(ExtensibilityGlobals) = postSolution
		SolutionGuid = {CB5DE26C-D57C-4890-A459-B5BBBAD1C2AB}
	EndGlobalSection
EndGlobal
